
Microsoft Visual Studio Solution File, Format Version 12.00
# Visual Studio Version 17
VisualStudioVersion = 17.6.33723.286
MinimumVisualStudioVersion = 10.0.40219.1
Project("{9A19103F-16F7-4668-BE54-9A1E7A4F7556}") = "myWebApp", "src\myWebApp.csproj", "{7BBA3814-A575-43E5-814C-10850D95D674}"
EndProject
Project("{9A19103F-16F7-4668-BE54-9A1E7A4F7556}") = "myWebApp.Tests", "..\..\Users\milos\dotnet-docker\tests\myWebApp.Tests.csproj", "{F7EB7B31-026E-4A56-8291-F906853B0DEE}"
EndProject
Project("{E53339B2-1760-4266-BCC7-CA923CBCF16C}") = "docker-compose", "docker-compose.dcproj", "{6F1478BC-3D42-44DD-B2D5-E15BB926C516}"
EndProject
Global
	GlobalSection(SolutionConfigurationPlatforms) = preSolution
		Debug|Any CPU = Debug|Any CPU
		Release|Any CPU = Release|Any CPU
	EndGlobalSection
	GlobalSection(ProjectConfigurationPlatforms) = postSolution
		{7BBA3814-A575-43E5-814C-10850D95D674}.Debug|Any CPU.ActiveCfg = Debug|Any CPU
		{7BBA3814-A575-43E5-814C-10850D95D674}.Debug|Any CPU.Build.0 = Debug|Any CPU
		{7BBA3814-A575-43E5-814C-10850D95D674}.Release|Any CPU.ActiveCfg = Release|Any CPU
		{7BBA3814-A575-43E5-814C-10850D95D674}.Release|Any CPU.Build.0 = Release|Any CPU
		{F7EB7B31-026E-4A56-8291-F906853B0DEE}.Debug|Any CPU.ActiveCfg = Debug|Any CPU
		{F7EB7B31-026E-4A56-8291-F906853B0DEE}.Debug|Any CPU.Build.0 = Debug|Any CPU
		{F7EB7B31-026E-4A56-8291-F906853B0DEE}.Release|Any CPU.ActiveCfg = Release|Any CPU
		{F7EB7B31-026E-4A56-8291-F906853B0DEE}.Release|Any CPU.Build.0 = Release|Any CPU
		{6F1478BC-3D42-44DD-B2D5-E15BB926C516}.Debug|Any CPU.ActiveCfg = Debug|Any CPU
		{6F1478BC-3D42-44DD-B2D5-E15BB926C516}.Debug|Any CPU.Build.0 = Debug|Any CPU
		{6F1478BC-3D42-44DD-B2D5-E15BB926C516}.Release|Any CPU.ActiveCfg = Release|Any CPU
		{6F1478BC-3D42-44DD-B2D5-E15BB926C516}.Release|Any CPU.Build.0 = Release|Any CPU
	EndGlobalSection
	GlobalSection(SolutionProperties) = preSolution
		HideSolutionNode = FALSE
	EndGlobalSection
	GlobalSection(ExtensibilityGlobals) = postSolution
		SolutionGuid = {C0F27C7B-4AC4-409E-83CC-0CCF9FE6781C}
	EndGlobalSection
EndGlobal
